{
  "name": "client",
  "version": "1.0.0",
  "lockfileVersion": 3,
  "requires": true,
  "packages": {
    "": {
      "name": "client",
      "version": "1.0.0",
      "license": "ISC",
      "dependencies": {
        "@fingerprintjs/fingerprintjs-pro": "^3.11.8"
      }
    },
    "node_modules/@fingerprintjs/fingerprintjs-pro": {
      "version": "3.11.8",
      "resolved": "https://registry.npmjs.org/@fingerprintjs/fingerprintjs-pro/-/fingerprintjs-pro-3.11.8.tgz",
      "integrity": "sha512-hZjFaSlBPYJvQv1nRlfJads9A+1QzaJEea/+EvECln+uZY13yrpeeIYKff+0REkohAWZRSVnG80+5PREIsgBpQ==",
      "license": "SEE LICENSE IN LICENSE",
      "dependencies": {
        "tslib": "^2.4.1"
      }
    },
    "node_modules/tslib": {
      "version": "2.8.1",
      "resolved": "https://registry.npmjs.org/tslib/-/tslib-2.8.1.tgz",
      "integrity": "sha512-oJFu94HQb+KVduSUQL7wnpmqnfmLsOA/nAh6b6EH0wCEoK0/mPeXU6c3wKDV83MkOuHPRHtSXKKU99IBazS/2w==",
      "license": "0BSD"
    }
  }
}
